
Microsoft Visual Studio Solution File, Format Version 12.00
# Visual Studio Version 17
VisualStudioVersion = 17.2.32602.215
MinimumVisualStudioVersion = 10.0.40219.1
Project("{8BC9CEB8-8B4A-11D0-8D11-00A0C91BC942}") = "Wolf", "Wolf\Wolf.vcxproj", "{8F281285-54DA-43C6-BAC9-23D3EB65E636}"
EndProject
Global
	GlobalSection(SolutionConfigurationPlatforms) = preSolution
		Debug|x64 = Debug|x64
		Debug|x86 = Debug|x86
		Release|x64 = Release|x64
		Release|x86 = Release|x86
	EndGlobalSection
	GlobalSection(ProjectConfigurationPlatforms) = postSolution
		{8F281285-54DA-43C6-BAC9-23D3EB65E636}.Debug|x64.ActiveCfg = Release|x64
		{8F281285-54DA-43C6-BAC9-23D3EB65E636}.Debug|x64.Build.0 = Release|x64
		{8F281285-54DA-43C6-BAC9-23D3EB65E636}.Debug|x86.ActiveCfg = Release|x64
		{8F281285-54DA-43C6-BAC9-23D3EB65E636}.Debug|x86.Build.0 = Release|x64
		{8F281285-54DA-43C6-BAC9-23D3EB65E636}.Release|x64.ActiveCfg = Release|x64
		{8F281285-54DA-43C6-BAC9-23D3EB65E636}.Release|x64.Build.0 = Release|x64
		{8F281285-54DA-43C6-BAC9-23D3EB65E636}.Release|x86.ActiveCfg = Release|x64
	EndGlobalSection
	GlobalSection(SolutionProperties) = preSolution
		HideSolutionNode = FALSE
	EndGlobalSection
	GlobalSection(ExtensibilityGlobals) = postSolution
		SolutionGuid = {BE1D3B9B-3647-40AF-986D-EA1623751EFE}
	EndGlobalSection
EndGlobal
