<?xml version="1.0" encoding="utf-8"?>
<Project ToolsVersion="4.0" xmlns="http://schemas.microsoft.com/developer/msbuild/2003">
  <ItemGroup>
    <ClCompile Include="src\backend\backendMain.cpp" />
    <ClCompile Include="src\backend\backendNatives.cpp" />
    <ClCompile Include="src\backend\backendHooking.cpp" />
    <ClCompile Include="src\util\memory\pattern.cpp" />
    <ClCompile Include="src\util\memory\patternBatch.cpp" />
    <ClCompile Include="src\util\memory\VPBypass.cpp" />
    <ClCompile Include="src\util\profiler.cpp" />
    <ClCompile Include="src\dllmain.cpp" />
    <ClCompile Include="src\menu\menu.cpp" />
    <ClCompile Include="src\menu\options\breakOption.cpp" />
    <ClCompile Include="src\menu\options\buttonOption.cpp" />
    <ClCompile Include="src\menu\options\colorOption.cpp" />
    <ClCompile Include="src\menu\options\keyOption.cpp" />
    <ClCompile Include="src\menu\options\numberOption.cpp" />
    <ClCompile Include="src\menu\options\option.cpp" />
    <ClCompile Include="src\menu\options\scrollOption.cpp" />
    <ClCompile Include="src\menu\options\submenuOption.cpp" />
    <ClCompile Include="src\menu\options\toggleOption.cpp" />
    <ClCompile Include="src\menu\options\vehicleOption.cpp" />
    <ClCompile Include="src\menu\submenus\loadJsonMenu.cpp" />
    <ClCompile Include="src\menu\submenus\main\local\globalMenu.cpp" />
    <ClCompile Include="src\menu\submenus\main\searchResultsMenu.cpp" />
    <ClCompile Include="src\menu\submenus\main\local\particleMenu.cpp" />
    <ClCompile Include="src\menu\submenus\main\local\animationMenu.cpp" />
    <ClCompile Include="src\menu\submenus\main\local\modelMenu.cpp" />
    <ClCompile Include="src\menu\submenus\main\local\visionMenu.cpp" />
    <ClCompile Include="src\menu\submenus\main\local\wardrobeMenu.cpp" />
    <ClCompile Include="src\menu\submenus\main\settings\languageMenu\loadLanguageMenu.cpp" />
    <ClCompile Include="src\menu\submenus\main\settings\themeMenu.cpp" />
    <ClCompile Include="src\menu\submenus\main\settings\themeMenu\loadCustomHeaderMenu.cpp" />
    <ClCompile Include="src\menu\submenus\main\settings\themeMenu\loadThemesMenu.cpp" />
    <ClCompile Include="src\menu\util\contextMenu.cpp" />
    <ClCompile Include="src\menu\util\hotkeyManager.cpp" />
    <ClCompile Include="src\menu\util\scaleform.cpp" />
    <ClCompile Include="src\menu\util\playerManager.cpp" />
    <ClCompile Include="src\menu\renderer.cpp" />
    <ClCompile Include="src\menu\submenu.cpp" />
    <ClCompile Include="src\menu\submenuHandler.cpp" />
    <ClCompile Include="src\menu\submenus\main\localMenu.cpp" />
    <ClCompile Include="src\menu\submenus\mainMenu.cpp" />
    <ClCompile Include="src\menu\submenus\main\local\playerMovementMenu.cpp" />
    <ClCompile Include="src\menu\submenus\main\settingsMenu.cpp" />
    <ClCompile Include="src\menu\submenus\main\settings\languageMenu.cpp" />
    <ClCompile Include="src\menu\util\entityControl.cpp" />
    <ClCompile Include="src\menu\util\menuInput.cpp" />
    <ClCompile Include="src\natives\crossmap.cpp" />
    <ClCompile Include="src\natives\invoker.cpp" />
    <ClCompile Include="src\stdafx.cpp" />
    <ClCompile Include="src\UI\components\input\textInputComponent.cpp" />
    <ClCompile Include="src\UI\components\loggerComponent.cpp" />
    <ClCompile Include="src\UI\components\profilerComponent.cpp" />
    <ClCompile Include="src\UI\frame.cpp" />
    <ClCompile Include="src\UI\screenPanel.cpp" />
    <ClCompile Include="src\UI\window.cpp" />
    <ClCompile Include="src\UI\windowManager.cpp" />
    <ClCompile Include="src\util\Config.cpp" />
    <ClCompile Include="src\util\fiberPool.cpp" />
    <ClCompile Include="src\util\input\controller.cpp" />
    <ClCompile Include="src\util\input\input.cpp" />
    <ClCompile Include="src\util\input\keyboard.cpp" />
    <ClCompile Include="src\util\input\mouse.cpp" />
    <ClCompile Include="src\util\Log.cpp" />
    <ClCompile Include="src\util\fiberManager.cpp" />
    <ClCompile Include="src\util\memory\memory.cpp" />
    <ClCompile Include="src\util\pugixml.cpp" />
    <ClCompile Include="src\util\threadPool.cpp" />
    <ClCompile Include="src\util\translationString.cpp" />
    <ClCompile Include="src\util\utils.cpp" />
    <ClCompile Include="src\util\memory\reclass.cpp" />
  </ItemGroup>
  <ItemGroup>
    <ClInclude Include="src\backend\backendMain.h" />
    <ClInclude Include="src\backend\backendNatives.h" />
    <ClInclude Include="src\backend\backendHooking.h" />
    <ClInclude Include="src\util\memory\patternBatch.h" />
    <ClInclude Include="src\util\memory\VPBypass.h" />
    <ClInclude Include="src\util\profiler.h" />
    <ClInclude Include="src\menu\globals.h" />
    <ClInclude Include="src\menu\menu.h" />
    <ClInclude Include="src\menu\options\breakOption.h" />
    <ClInclude Include="src\menu\options\buttonOption.h" />
    <ClInclude Include="src\menu\options\colorOption.h" />
    <ClInclude Include="src\menu\options\keyOption.h" />
    <ClInclude Include="src\menu\options\numberOption.h" />
    <ClInclude Include="src\menu\options\option.h" />
    <ClInclude Include="src\menu\options\scrollOption.h" />
    <ClInclude Include="src\menu\options\submenuOption.h" />
    <ClInclude Include="src\menu\options\toggleOption.h" />
    <ClInclude Include="src\menu\options\vehicleOption.h" />
    <ClInclude Include="src\menu\submenus\loadJsonMenu.h" />
    <ClInclude Include="src\menu\submenus\main\local\globalMenu.h" />
    <ClInclude Include="src\menu\submenus\main\searchResultsMenu.h" />
    <ClInclude Include="src\menu\submenus\main\local\particleMenu.h" />
    <ClInclude Include="src\menu\submenus\main\local\animationMenu.h" />
    <ClInclude Include="src\menu\submenus\main\local\modelMenu.h" />
    <ClInclude Include="src\menu\submenus\main\local\visionMenu.h" />
    <ClInclude Include="src\menu\submenus\main\local\wardrobeMenu.h" />
    <ClInclude Include="src\menu\submenus\main\settings\languageMenu\loadLanguageMenu.h" />
    <ClInclude Include="src\menu\submenus\main\settings\themeMenu.h" />
    <ClInclude Include="src\menu\submenus\main\settings\themeMenu\loadCustomHeaderMenu.h" />
    <ClInclude Include="src\menu\submenus\main\settings\themeMenu\loadThemesMenu.h" />
    <ClInclude Include="src\menu\util\animatedYtd.h" />
    <ClInclude Include="src\menu\util\contextMenu.h" />
    <ClInclude Include="src\menu\util\hotkeyManager.h" />
    <ClInclude Include="src\menu\util\scaleform.h" />
    <ClInclude Include="src\menu\util\playerManager.h" />
    <ClInclude Include="src\menu\renderer.h" />
    <ClInclude Include="src\menu\submenu.h" />
    <ClInclude Include="src\menu\submenuHandler.h" />
    <ClInclude Include="src\menu\submenus\main\localMenu.h" />
    <ClInclude Include="src\menu\submenus\mainMenu.h" />
    <ClInclude Include="src\menu\submenus\main\local\playerMovementMenu.h" />
    <ClInclude Include="src\menu\submenus\main\settingsMenu.h" />
    <ClInclude Include="src\menu\submenus\main\settings\languageMenu.h" />
    <ClInclude Include="src\menu\util\entityControl.h" />
    <ClInclude Include="src\menu\util\menuFunctions.h" />
    <ClInclude Include="src\menu\util\menuInput.h" />
    <ClInclude Include="src\UI\components\profilerComponent.h" />
    <ClInclude Include="src\UI\components\input\textInputComponent.h" />
    <ClInclude Include="src\util\input\controller.h" />
    <ClInclude Include="src\util\pugiconfig.hpp" />
    <ClInclude Include="src\util\pugixml.hpp" />
    <ClInclude Include="src\util\translationString.h" />
    <ClInclude Include="src\natives\crossmap.h" />
    <ClInclude Include="src\natives\invoker.h" />
    <ClInclude Include="src\natives\natives.h" />
    <ClInclude Include="src\minhook.h" />
    <ClInclude Include="src\stdafx.h" />
    <ClInclude Include="src\UI\component.h" />
    <ClInclude Include="src\UI\components\loggerComponent.h" />
    <ClInclude Include="src\UI\frame.h" />
    <ClInclude Include="src\UI\screenPanel.h" />
    <ClInclude Include="src\UI\window.h" />
    <ClInclude Include="src\UI\windowManager.h" />
    <ClInclude Include="src\util\config.h" />
    <ClInclude Include="src\util\fiberManager.h" />
    <ClInclude Include="src\util\fiberPool.h" />
    <ClInclude Include="src\util\input\input.h" />
    <ClInclude Include="src\util\input\keyboard.h" />
    <ClInclude Include="src\util\input\mouse.h" />
    <ClInclude Include="src\util\memory\memory.h" />
    <ClInclude Include="src\util\status.h" />
    <ClInclude Include="src\util\json.h" />
    <ClInclude Include="src\util\log.h" />
    <ClInclude Include="src\util\memory\pattern.h" />
    <ClInclude Include="src\util\script.h" />
    <ClInclude Include="src\util\threadPool.h" />
    <ClInclude Include="src\util\types.h" />
    <ClInclude Include="src\util\utils.h" />
    <ClInclude Include="src\util\memory\reclass.h" />
  </ItemGroup>
  <ItemGroup>
    <Library Include="minhook.lib" />
  </ItemGroup>
  <ItemGroup>
    <MASM Include="src\natives\return_address_spoofer.asm" />
  </ItemGroup>
</Project>